
Microsoft Visual Studio Solution File, Format Version 12.00
# Visual Studio 2013
VisualStudioVersion = 12.0.21005.1
MinimumVisualStudioVersion = 10.0.40219.1
Project("{FAE04EC0-301F-11D3-BF4B-00C04F79EFBC}") = "ConsoleApplication1", "ConsoleApplication1\ConsoleApplication1.csproj", "{A9171DFB-E3FA-41CE-A701-B61F63E4D0F4}"
EndProject
Project("{FAE04EC0-301F-11D3-BF4B-00C04F79EFBC}") = "MyLib", "MyLib\MyLib.csproj", "{E030B5CF-03DD-4A48-970D-987745A4ADED}"
EndProject
Global
	GlobalSection(SolutionConfigurationPlatforms) = preSolution
		Debug|Any CPU = Debug|Any CPU
		Release|Any CPU = Release|Any CPU
	EndGlobalSection
	GlobalSection(ProjectConfigurationPlatforms) = postSolution
		{A9171DFB-E3FA-41CE-A701-B61F63E4D0F4}.Debug|Any CPU.ActiveCfg = Debug|Any CPU
		{A9171DFB-E3FA-41CE-A701-B61F63E4D0F4}.Debug|Any CPU.Build.0 = Debug|Any CPU
		{A9171DFB-E3FA-41CE-A701-B61F63E4D0F4}.Release|Any CPU.ActiveCfg = Release|Any CPU
		{A9171DFB-E3FA-41CE-A701-B61F63E4D0F4}.Release|Any CPU.Build.0 = Release|Any CPU
		{E030B5CF-03DD-4A48-970D-987745A4ADED}.Debug|Any CPU.ActiveCfg = Debug|Any CPU
		{E030B5CF-03DD-4A48-970D-987745A4ADED}.Debug|Any CPU.Build.0 = Debug|Any CPU
		{E030B5CF-03DD-4A48-970D-987745A4ADED}.Release|Any CPU.ActiveCfg = Release|Any CPU
		{E030B5CF-03DD-4A48-970D-987745A4ADED}.Release|Any CPU.Build.0 = Release|Any CPU
	EndGlobalSection
	GlobalSection(SolutionProperties) = preSolution
		HideSolutionNode = FALSE
	EndGlobalSection
EndGlobal
